
Microsoft Visual Studio Solution File, Format Version 12.00
# Visual Studio 15
VisualStudioVersion = 15.0.27130.2036
MinimumVisualStudioVersion = 10.0.40219.1
Project("{FAE04EC0-301F-11D3-BF4B-00C04F79EFBC}") = "NsonsaKisala_Exercise4", "NsonsaKisala_Exercise4\NsonsaKisala_Exercise4.csproj", "{1E2C3F96-153D-438A-B497-CB6730B3AD53}"
EndProject
Global
	GlobalSection(SolutionConfigurationPlatforms) = preSolution
		Debug|Any CPU = Debug|Any CPU
		Release|Any CPU = Release|Any CPU
	EndGlobalSection
	GlobalSection(ProjectConfigurationPlatforms) = postSolution
		{1E2C3F96-153D-438A-B497-CB6730B3AD53}.Debug|Any CPU.ActiveCfg = Debug|Any CPU
		{1E2C3F96-153D-438A-B497-CB6730B3AD53}.Debug|Any CPU.Build.0 = Debug|Any CPU
		{1E2C3F96-153D-438A-B497-CB6730B3AD53}.Release|Any CPU.ActiveCfg = Release|Any CPU
		{1E2C3F96-153D-438A-B497-CB6730B3AD53}.Release|Any CPU.Build.0 = Release|Any CPU
	EndGlobalSection
	GlobalSection(SolutionProperties) = preSolution
		HideSolutionNode = FALSE
	EndGlobalSection
	GlobalSection(ExtensibilityGlobals) = postSolution
		SolutionGuid = {D6D06736-B2E4-4282-B7FC-4508F2B66A7A}
	EndGlobalSection
EndGlobal
